
Microsoft Visual Studio Solution File, Format Version 12.00
# Visual Studio Version 17
VisualStudioVersion = 17.0.32126.317
MinimumVisualStudioVersion = 10.0.40219.1
Project("{9A19103F-16F7-4668-BE54-9A1E7A4F7556}") = "SAPLink.Handler", "SAPLink.Handler\SAPLink.Handler.csproj", "{E1CEC206-0365-4E56-90F3-9B9539C04B08}"
EndProject
Project("{9A19103F-16F7-4668-BE54-9A1E7A4F7556}") = "SAPLink", "SAPLink\SAPLink.csproj", "{C1D516B2-5631-4D45-ADDB-0023AE2694CE}"
EndProject
Project("{9A19103F-16F7-4668-BE54-9A1E7A4F7556}") = "SAPLink.EF", "SAPLink.EF\SAPLink.EF.csproj", "{9844BAFE-A7E7-4A86-99F4-8EA9A686DE76}"
EndProject
Project("{9A19103F-16F7-4668-BE54-9A1E7A4F7556}") = "SAPLink.Core", "SAPLink.Core\SAPLink.Core.csproj", "{B698F927-3BF0-491D-A953-F851D72B9F9D}"
EndProject
Project("{9A19103F-16F7-4668-BE54-9A1E7A4F7556}") = "SAPLink.API", "SAPLink.API\SAPLink.API.csproj", "{0B38E02D-2A9B-474C-9B6D-0B1FC9927E5B}"
EndProject
Global
	GlobalSection(SolutionConfigurationPlatforms) = preSolution
		Debug|Any CPU = Debug|Any CPU
		Release|Any CPU = Release|Any CPU
	EndGlobalSection
	GlobalSection(ProjectConfigurationPlatforms) = postSolution
		{E1CEC206-0365-4E56-90F3-9B9539C04B08}.Debug|Any CPU.ActiveCfg = Debug|Any CPU
		{E1CEC206-0365-4E56-90F3-9B9539C04B08}.Debug|Any CPU.Build.0 = Debug|Any CPU
		{E1CEC206-0365-4E56-90F3-9B9539C04B08}.Release|Any CPU.ActiveCfg = Release|Any CPU
		{E1CEC206-0365-4E56-90F3-9B9539C04B08}.Release|Any CPU.Build.0 = Release|Any CPU
		{C1D516B2-5631-4D45-ADDB-0023AE2694CE}.Debug|Any CPU.ActiveCfg = Debug|Any CPU
		{C1D516B2-5631-4D45-ADDB-0023AE2694CE}.Debug|Any CPU.Build.0 = Debug|Any CPU
		{C1D516B2-5631-4D45-ADDB-0023AE2694CE}.Release|Any CPU.ActiveCfg = Release|Any CPU
		{C1D516B2-5631-4D45-ADDB-0023AE2694CE}.Release|Any CPU.Build.0 = Release|Any CPU
		{9844BAFE-A7E7-4A86-99F4-8EA9A686DE76}.Debug|Any CPU.ActiveCfg = Debug|Any CPU
		{9844BAFE-A7E7-4A86-99F4-8EA9A686DE76}.Debug|Any CPU.Build.0 = Debug|Any CPU
		{9844BAFE-A7E7-4A86-99F4-8EA9A686DE76}.Release|Any CPU.ActiveCfg = Release|Any CPU
		{9844BAFE-A7E7-4A86-99F4-8EA9A686DE76}.Release|Any CPU.Build.0 = Release|Any CPU
		{B698F927-3BF0-491D-A953-F851D72B9F9D}.Debug|Any CPU.ActiveCfg = Debug|Any CPU
		{B698F927-3BF0-491D-A953-F851D72B9F9D}.Debug|Any CPU.Build.0 = Debug|Any CPU
		{B698F927-3BF0-491D-A953-F851D72B9F9D}.Release|Any CPU.ActiveCfg = Release|Any CPU
		{B698F927-3BF0-491D-A953-F851D72B9F9D}.Release|Any CPU.Build.0 = Release|Any CPU
		{0B38E02D-2A9B-474C-9B6D-0B1FC9927E5B}.Debug|Any CPU.ActiveCfg = Debug|Any CPU
		{0B38E02D-2A9B-474C-9B6D-0B1FC9927E5B}.Debug|Any CPU.Build.0 = Debug|Any CPU
		{0B38E02D-2A9B-474C-9B6D-0B1FC9927E5B}.Release|Any CPU.ActiveCfg = Release|Any CPU
		{0B38E02D-2A9B-474C-9B6D-0B1FC9927E5B}.Release|Any CPU.Build.0 = Release|Any CPU
	EndGlobalSection
	GlobalSection(SolutionProperties) = preSolution
		HideSolutionNode = FALSE
	EndGlobalSection
	GlobalSection(ExtensibilityGlobals) = postSolution
		SolutionGuid = {EC6B154B-1812-4279-BD23-FE592010838E}
	EndGlobalSection
EndGlobal
